// !$*UTF8*$!
{
	archiveVersion = 1;
	classes = {
	};
	objectVersion = 48;
	objects = {

/* Begin PBXBuildFile section */
		4B5D78701FCCA3AC002BAD56 /* ThreadPool.h in Headers */ = {isa = PBXBuildFile; fileRef = 4B5D786D1FCCA3AC002BAD56 /* ThreadPool.h */; };
		4B5D78711FCCA3AC002BAD56 /* Job.h in Headers */ = {isa = PBXBuildFile; fileRef = 4B5D786E1FCCA3AC002BAD56 /* Job.h */; };
		4B5D78721FCCA3AC002BAD56 /* Worker.h in Headers */ = {isa = PBXBuildFile; fileRef = 4B5D786F1FCCA3AC002BAD56 /* Worker.h */; };
		4B5D78761FCCA3B7002BAD56 /* ThreadPool.cpp in Sources */ = {isa = PBXBuildFile; fileRef = 4B5D78731FCCA3B7002BAD56 /* ThreadPool.cpp */; };
		4B5D78771FCCA3B7002BAD56 /* Worker.cpp in Sources */ = {isa = PBXBuildFile; fileRef = 4B5D78741FCCA3B7002BAD56 /* Worker.cpp */; };
		4B5D78781FCCA3B7002BAD56 /* Job.cpp in Sources */ = {isa = PBXBuildFile; fileRef = 4B5D78751FCCA3B7002BAD56 /* Job.cpp */; };
/* End PBXBuildFile section */

/* Begin PBXFileReference section */
		4B5D785D1FCCA340002BAD56 /* libSmartThreadPool.a */ = {isa = PBXFileReference; explicitFileType = archive.ar; includeInIndex = 0; path = libSmartThreadPool.a; sourceTree = BUILT_PRODUCTS_DIR; };
		4B5D786D1FCCA3AC002BAD56 /* ThreadPool.h */ = {isa = PBXFileReference; fileEncoding = 4; lastKnownFileType = sourcecode.c.h; name = ThreadPool.h; path = inc/ThreadPool.h; sourceTree = "<group>"; };
		4B5D786E1FCCA3AC002BAD56 /* Job.h */ = {isa = PBXFileReference; fileEncoding = 4; lastKnownFileType = sourcecode.c.h; name = Job.h; path = inc/Job.h; sourceTree = "<group>"; };
		4B5D786F1FCCA3AC002BAD56 /* Worker.h */ = {isa = PBXFileReference; fileEncoding = 4; lastKnownFileType = sourcecode.c.h; name = Worker.h; path = inc/Worker.h; sourceTree = "<group>"; };
		4B5D78731FCCA3B7002BAD56 /* ThreadPool.cpp */ = {isa = PBXFileReference; fileEncoding = 4; lastKnownFileType = sourcecode.cpp.cpp; name = ThreadPool.cpp; path = src/ThreadPool.cpp; sourceTree = "<group>"; };
		4B5D78741FCCA3B7002BAD56 /* Worker.cpp */ = {isa = PBXFileReference; fileEncoding = 4; lastKnownFileType = sourcecode.cpp.cpp; name = Worker.cpp; path = src/Worker.cpp; sourceTree = "<group>"; };
		4B5D78751FCCA3B7002BAD56 /* Job.cpp */ = {isa = PBXFileReference; fileEncoding = 4; lastKnownFileType = sourcecode.cpp.cpp; name = Job.cpp; path = src/Job.cpp; sourceTree = "<group>"; };
/* End PBXFileReference section */

/* Begin PBXFrameworksBuildPhase section */
		4B5D785A1FCCA340002BAD56 /* Frameworks */ = {
			isa = PBXFrameworksBuildPhase;
			buildActionMask = 2147483647;
			files = (
			);
			runOnlyForDeploymentPostprocessing = 0;
		};
/* End PBXFrameworksBuildPhase section */

/* Begin PBXGroup section */
		4B5D78541FCCA340002BAD56 = {
			isa = PBXGroup;
			children = (
				4B5D786B1FCCA38F002BAD56 /* inc */,
				4B5D786C1FCCA39B002BAD56 /* src */,
				4B5D785E1FCCA340002BAD56 /* Products */,
			);
			sourceTree = "<group>";
		};
		4B5D785E1FCCA340002BAD56 /* Products */ = {
			isa = PBXGroup;
			children = (
				4B5D785D1FCCA340002BAD56 /* libSmartThreadPool.a */,
			);
			name = Products;
			sourceTree = "<group>";
		};
		4B5D786B1FCCA38F002BAD56 /* inc */ = {
			isa = PBXGroup;
			children = (
				4B5D786E1FCCA3AC002BAD56 /* Job.h */,
				4B5D786D1FCCA3AC002BAD56 /* ThreadPool.h */,
				4B5D786F1FCCA3AC002BAD56 /* Worker.h */,
			);
			name = inc;
			sourceTree = "<group>";
		};
		4B5D786C1FCCA39B002BAD56 /* src */ = {
			isa = PBXGroup;
			children = (
				4B5D78751FCCA3B7002BAD56 /* Job.cpp */,
				4B5D78731FCCA3B7002BAD56 /* ThreadPool.cpp */,
				4B5D78741FCCA3B7002BAD56 /* Worker.cpp */,
			);
			name = src;
			sourceTree = "<group>";
		};
/* End PBXGroup section */

/* Begin PBXHeadersBuildPhase section */
		4B5D785B1FCCA340002BAD56 /* Headers */ = {
			isa = PBXHeadersBuildPhase;
			buildActionMask = 2147483647;
			files = (
				4B5D78721FCCA3AC002BAD56 /* Worker.h in Headers */,
				4B5D78711FCCA3AC002BAD56 /* Job.h in Headers */,
				4B5D78701FCCA3AC002BAD56 /* ThreadPool.h in Headers */,
			);
			runOnlyForDeploymentPostprocessing = 0;
		};
/* End PBXHeadersBuildPhase section */

/* Begin PBXNativeTarget section */
		4B5D785C1FCCA340002BAD56 /* SmartThreadPool */ = {
			isa = PBXNativeTarget;
			buildConfigurationList = 4B5D78611FCCA340002BAD56 /* Build configuration list for PBXNativeTarget "SmartThreadPool" */;
			buildPhases = (
				4B5D78591FCCA340002BAD56 /* Sources */,
				4B5D785A1FCCA340002BAD56 /* Frameworks */,
				4B5D785B1FCCA340002BAD56 /* Headers */,
			);
			buildRules = (
			);
			dependencies = (
			);
			name = SmartThreadPool;
			productName = SmartThreadPool;
			productReference = 4B5D785D1FCCA340002BAD56 /* libSmartThreadPool.a */;
			productType = "com.apple.product-type.library.static";
		};
/* End PBXNativeTarget section */

/* Begin PBXProject section */
		4B5D78551FCCA340002BAD56 /* Project object */ = {
			isa = PBXProject;
			attributes = {
				LastUpgradeCheck = 0910;
				ORGANIZATIONNAME = "Ilie Danila";
				TargetAttributes = {
					4B5D785C1FCCA340002BAD56 = {
						CreatedOnToolsVersion = 9.1;
						ProvisioningStyle = Automatic;
					};
				};
			};
			buildConfigurationList = 4B5D78581FCCA340002BAD56 /* Build configuration list for PBXProject "SmartThreadPool" */;
			compatibilityVersion = "Xcode 8.0";
			developmentRegion = en;
			hasScannedForEncodings = 0;
			knownRegions = (
				en,
			);
			mainGroup = 4B5D78541FCCA340002BAD56;
			productRefGroup = 4B5D785E1FCCA340002BAD56 /* Products */;
			projectDirPath = "";
			projectRoot = "";
			targets = (
				4B5D785C1FCCA340002BAD56 /* SmartThreadPool */,
			);
		};
/* End PBXProject section */

/* Begin PBXSourcesBuildPhase section */
		4B5D78591FCCA340002BAD56 /* Sources */ = {
			isa = PBXSourcesBuildPhase;
			buildActionMask = 2147483647;
			files = (
				4B5D78781FCCA3B7002BAD56 /* Job.cpp in Sources */,
				4B5D78761FCCA3B7002BAD56 /* ThreadPool.cpp in Sources */,
				4B5D78771FCCA3B7002BAD56 /* Worker.cpp in Sources */,
			);
			runOnlyForDeploymentPostprocessing = 0;
		};
/* End PBXSourcesBuildPhase section */

/* Begin XCBuildConfiguration section */
		4B5D785F1FCCA340002BAD56 /* Debug */ = {
			isa = XCBuildConfiguration;
			buildSettings = {
				ALWAYS_SEARCH_USER_PATHS = NO;
				CLANG_ANALYZER_NONNULL = YES;
				CLANG_ANALYZER_NUMBER_OBJECT_CONVERSION = YES_AGGRESSIVE;
				CLANG_CXX_LANGUAGE_STANDARD = "gnu++14";
				CLANG_CXX_LIBRARY = "libc++";
				CLANG_ENABLE_MODULES = YES;
				CLANG_ENABLE_OBJC_ARC = YES;
				CLANG_WARN_BLOCK_CAPTURE_AUTORELEASING = YES;
				CLANG_WARN_BOOL_CONVERSION = YES;
				CLANG_WARN_COMMA = YES;
				CLANG_WARN_CONSTANT_CONVERSION = YES;
				CLANG_WARN_DIRECT_OBJC_ISA_USAGE = YES_ERROR;
				CLANG_WARN_DOCUMENTATION_COMMENTS = YES;
				CLANG_WARN_EMPTY_BODY = YES;
				CLANG_WARN_ENUM_CONVERSION = YES;
				CLANG_WARN_INFINITE_RECURSION = YES;
				CLANG_WARN_INT_CONVERSION = YES;
				CLANG_WARN_NON_LITERAL_NULL_CONVERSION = YES;
				CLANG_WARN_OBJC_LITERAL_CONVERSION = YES;
				CLANG_WARN_OBJC_ROOT_CLASS = YES_ERROR;
				CLANG_WARN_RANGE_LOOP_ANALYSIS = YES;
				CLANG_WARN_STRICT_PROTOTYPES = YES;
				CLANG_WARN_SUSPICIOUS_MOVE = YES;
				CLANG_WARN_UNGUARDED_AVAILABILITY = YES_AGGRESSIVE;
				CLANG_WARN_UNREACHABLE_CODE = YES;
				CLANG_WARN__DUPLICATE_METHOD_MATCH = YES;
				CODE_SIGN_IDENTITY = "Mac Developer";
				COPY_PHASE_STRIP = NO;
				DEBUG_INFORMATION_FORMAT = dwarf;
				ENABLE_STRICT_OBJC_MSGSEND = YES;
				ENABLE_TESTABILITY = YES;
				GCC_C_LANGUAGE_STANDARD = gnu11;
				GCC_DYNAMIC_NO_PIC = NO;
				GCC_NO_COMMON_BLOCKS = YES;
				GCC_OPTIMIZATION_LEVEL = 0;
				GCC_PREPROCESSOR_DEFINITIONS = (
					"DEBUG=1",
					"$(inherited)",
				);
				GCC_WARN_64_TO_32_BIT_CONVERSION = YES;
				GCC_WARN_ABOUT_RETURN_TYPE = YES_ERROR;
				GCC_WARN_UNDECLARED_SELECTOR = YES;
				GCC_WARN_UNINITIALIZED_AUTOS = YES_AGGRESSIVE;
				GCC_WARN_UNUSED_FUNCTION = YES;
				GCC_WARN_UNUSED_VARIABLE = YES;
				MACOSX_DEPLOYMENT_TARGET = 10.13;
				MTL_ENABLE_DEBUG_INFO = YES;
				ONLY_ACTIVE_ARCH = YES;
				SDKROOT = macosx;
			};
			name = Debug;
		};
		4B5D78601FCCA340002BAD56 /* Release */ = {
			isa = XCBuildConfiguration;
			buildSettings = {
				ALWAYS_SEARCH_USER_PATHS = NO;
				CLANG_ANALYZER_NONNULL = YES;
				CLANG_ANALYZER_NUMBER_OBJECT_CONVERSION = YES_AGGRESSIVE;
				CLANG_CXX_LANGUAGE_STANDARD = "gnu++14";
				CLANG_CXX_LIBRARY = "libc++";
				CLANG_ENABLE_MODULES = YES;
				CLANG_ENABLE_OBJC_ARC = YES;
				CLANG_WARN_BLOCK_CAPTURE_AUTORELEASING = YES;
				CLANG_WARN_BOOL_CONVERSION = YES;
				CLANG_WARN_COMMA = YES;
				CLANG_WARN_CONSTANT_CONVERSION = YES;
				CLANG_WARN_DIRECT_OBJC_ISA_USAGE = YES_ERROR;
				CLANG_WARN_DOCUMENTATION_COMMENTS = YES;
				CLANG_WARN_EMPTY_BODY = YES;
				CLANG_WARN_ENUM_CONVERSION = YES;
				CLANG_WARN_INFINITE_RECURSION = YES;
				CLANG_WARN_INT_CONVERSION = YES;
				CLANG_WARN_NON_LITERAL_NULL_CONVERSION = YES;
				CLANG_WARN_OBJC_LITERAL_CONVERSION = YES;
				CLANG_WARN_OBJC_ROOT_CLASS = YES_ERROR;
				CLANG_WARN_RANGE_LOOP_ANALYSIS = YES;
				CLANG_WARN_STRICT_PROTOTYPES = YES;
				CLANG_WARN_SUSPICIOUS_MOVE = YES;
				CLANG_WARN_UNGUARDED_AVAILABILITY = YES_AGGRESSIVE;
				CLANG_WARN_UNREACHABLE_CODE = YES;
				CLANG_WARN__DUPLICATE_METHOD_MATCH = YES;
				CODE_SIGN_IDENTITY = "Mac Developer";
				COPY_PHASE_STRIP = NO;
				DEBUG_INFORMATION_FORMAT = "dwarf-with-dsym";
				ENABLE_NS_ASSERTIONS = NO;
				ENABLE_STRICT_OBJC_MSGSEND = YES;
				GCC_C_LANGUAGE_STANDARD = gnu11;
				GCC_NO_COMMON_BLOCKS = YES;
				GCC_WARN_64_TO_32_BIT_CONVERSION = YES;
				GCC_WARN_ABOUT_RETURN_TYPE = YES_ERROR;
				GCC_WARN_UNDECLARED_SELECTOR = YES;
				GCC_WARN_UNINITIALIZED_AUTOS = YES_AGGRESSIVE;
				GCC_WARN_UNUSED_FUNCTION = YES;
				GCC_WARN_UNUSED_VARIABLE = YES;
				MACOSX_DEPLOYMENT_TARGET = 10.13;
				MTL_ENABLE_DEBUG_INFO = NO;
				SDKROOT = macosx;
			};
			name = Release;
		};
		4B5D78621FCCA340002BAD56 /* Debug */ = {
			isa = XCBuildConfiguration;
			buildSettings = {
				CODE_SIGN_STYLE = Automatic;
				DEVELOPMENT_TEAM = NDU642L3S2;
				EXECUTABLE_PREFIX = lib;
				PRODUCT_NAME = "$(TARGET_NAME)";
			};
			name = Debug;
		};
		4B5D78631FCCA340002BAD56 /* Release */ = {
			isa = XCBuildConfiguration;
			buildSettings = {
				CODE_SIGN_STYLE = Automatic;
				DEVELOPMENT_TEAM = NDU642L3S2;
				EXECUTABLE_PREFIX = lib;
				PRODUCT_NAME = "$(TARGET_NAME)";
			};
			name = Release;
		};
/* End XCBuildConfiguration section */

/* Begin XCConfigurationList section */
		4B5D78581FCCA340002BAD56 /* Build configuration list for PBXProject "SmartThreadPool" */ = {
			isa = XCConfigurationList;
			buildConfigurations = (
				4B5D785F1FCCA340002BAD56 /* Debug */,
				4B5D78601FCCA340002BAD56 /* Release */,
			);
			defaultConfigurationIsVisible = 0;
			defaultConfigurationName = Release;
		};
		4B5D78611FCCA340002BAD56 /* Build configuration list for PBXNativeTarget "SmartThreadPool" */ = {
			isa = XCConfigurationList;
			buildConfigurations = (
				4B5D78621FCCA340002BAD56 /* Debug */,
				4B5D78631FCCA340002BAD56 /* Release */,
			);
			defaultConfigurationIsVisible = 0;
			defaultConfigurationName = Release;
		};
/* End XCConfigurationList section */
	};
	rootObject = 4B5D78551FCCA340002BAD56 /* Project object */;
}
